{
  "name": "system",
  "version": "1.0.0",
  "lockfileVersion": 1,
  "requires": true,
  "dependencies": {
    "systeminformation": {
      "version": "5.10.7",
      "resolved": "https://registry.npmjs.org/systeminformation/-/systeminformation-5.10.7.tgz",
      "integrity": "sha512-elAv0h67BDuafy+zuS/yF9QCgQcROXaK9AXMnLz+NHq/LRv7p2/k5qWIwaVxwsSZE8r+dVyIw0BtFO/FoHtZaw=="
    }
  }
}
